
Microsoft Visual Studio Solution File, Format Version 12.00
# Visual Studio Version 17
VisualStudioVersion = 17.4.33213.308
MinimumVisualStudioVersion = 10.0.40219.1
Project("{9A19103F-16F7-4668-BE54-9A1E7A4F7556}") = "EverstEdu.Api", "EverstEdu.Api\EverstEdu.Api.csproj", "{5A699ED9-B249-4CC7-8122-70E44DF2875D}"
EndProject
Project("{9A19103F-16F7-4668-BE54-9A1E7A4F7556}") = "EverestEdu.Domain", "EverestEdu.Domain\EverestEdu.Domain.csproj", "{3E5B43D2-0465-485F-AB40-4A5CB3DB9EE3}"
EndProject
Project("{9A19103F-16F7-4668-BE54-9A1E7A4F7556}") = "EverestEdu.Infrastructure", "EverestEdu.Infrastructure\EverestEdu.Infrastructure.csproj", "{48D3A3D0-6F26-41AB-A4A1-1E6A1C15C7C4}"
EndProject
Project("{FAE04EC0-301F-11D3-BF4B-00C04F79EFBC}") = "EverestEduApplication", "EverestEduApplication\EverestEduApplication.csproj", "{BA18FF22-0A75-489C-9153-073FBBC6009A}"
EndProject
Global
	GlobalSection(SolutionConfigurationPlatforms) = preSolution
		Debug|Any CPU = Debug|Any CPU
		Release|Any CPU = Release|Any CPU
	EndGlobalSection
	GlobalSection(ProjectConfigurationPlatforms) = postSolution
		{5A699ED9-B249-4CC7-8122-70E44DF2875D}.Debug|Any CPU.ActiveCfg = Debug|Any CPU
		{5A699ED9-B249-4CC7-8122-70E44DF2875D}.Debug|Any CPU.Build.0 = Debug|Any CPU
		{5A699ED9-B249-4CC7-8122-70E44DF2875D}.Release|Any CPU.ActiveCfg = Release|Any CPU
		{5A699ED9-B249-4CC7-8122-70E44DF2875D}.Release|Any CPU.Build.0 = Release|Any CPU
		{3E5B43D2-0465-485F-AB40-4A5CB3DB9EE3}.Debug|Any CPU.ActiveCfg = Debug|Any CPU
		{3E5B43D2-0465-485F-AB40-4A5CB3DB9EE3}.Debug|Any CPU.Build.0 = Debug|Any CPU
		{3E5B43D2-0465-485F-AB40-4A5CB3DB9EE3}.Release|Any CPU.ActiveCfg = Release|Any CPU
		{3E5B43D2-0465-485F-AB40-4A5CB3DB9EE3}.Release|Any CPU.Build.0 = Release|Any CPU
		{48D3A3D0-6F26-41AB-A4A1-1E6A1C15C7C4}.Debug|Any CPU.ActiveCfg = Debug|Any CPU
		{48D3A3D0-6F26-41AB-A4A1-1E6A1C15C7C4}.Debug|Any CPU.Build.0 = Debug|Any CPU
		{48D3A3D0-6F26-41AB-A4A1-1E6A1C15C7C4}.Release|Any CPU.ActiveCfg = Release|Any CPU
		{48D3A3D0-6F26-41AB-A4A1-1E6A1C15C7C4}.Release|Any CPU.Build.0 = Release|Any CPU
		{BA18FF22-0A75-489C-9153-073FBBC6009A}.Debug|Any CPU.ActiveCfg = Debug|Any CPU
		{BA18FF22-0A75-489C-9153-073FBBC6009A}.Debug|Any CPU.Build.0 = Debug|Any CPU
		{BA18FF22-0A75-489C-9153-073FBBC6009A}.Release|Any CPU.ActiveCfg = Release|Any CPU
		{BA18FF22-0A75-489C-9153-073FBBC6009A}.Release|Any CPU.Build.0 = Release|Any CPU
	EndGlobalSection
	GlobalSection(SolutionProperties) = preSolution
		HideSolutionNode = FALSE
	EndGlobalSection
	GlobalSection(ExtensibilityGlobals) = postSolution
		SolutionGuid = {3D3EDB39-327A-4948-AAB6-C64F62F4BBEF}
	EndGlobalSection
EndGlobal
